
Microsoft Visual Studio Solution File, Format Version 12.00
Project("{FAE04EC0-301F-11D3-BF4B-00C04F79EFBC}") = "Illuminated sphere", "Illuminated sphere\Illuminated sphere.csproj", "{D18E7048-5449-49CE-9861-C6E45DD928C6}"
EndProject
Global
	GlobalSection(SolutionConfigurationPlatforms) = preSolution
		Debug|Any CPU = Debug|Any CPU
		Release|Any CPU = Release|Any CPU
	EndGlobalSection
	GlobalSection(ProjectConfigurationPlatforms) = postSolution
		{D18E7048-5449-49CE-9861-C6E45DD928C6}.Debug|Any CPU.ActiveCfg = Debug|Any CPU
		{D18E7048-5449-49CE-9861-C6E45DD928C6}.Debug|Any CPU.Build.0 = Debug|Any CPU
		{D18E7048-5449-49CE-9861-C6E45DD928C6}.Release|Any CPU.ActiveCfg = Release|Any CPU
		{D18E7048-5449-49CE-9861-C6E45DD928C6}.Release|Any CPU.Build.0 = Release|Any CPU
	EndGlobalSection
EndGlobal
